// !$*UTF8*$!
{
	archiveVersion = 1;
	classes = {
	};
	objectVersion = 51;
	objects = {

/* Begin PBXBuildFile section */
		FEAE771123F24996004E8096 /* UIViewExtension.swift in Sources */ = {isa = PBXBuildFile; fileRef = FEAE771023F24996004E8096 /* UIViewExtension.swift */; };
		FEAE771323F24D89004E8096 /* CALayerExtension.swift in Sources */ = {isa = PBXBuildFile; fileRef = FEAE771223F24D89004E8096 /* CALayerExtension.swift */; };
		FEAE771523F24FF2004E8096 /* TextField.swift in Sources */ = {isa = PBXBuildFile; fileRef = FEAE771423F24FF2004E8096 /* TextField.swift */; };
		FEAE771723F2D864004E8096 /* FBServices.swift in Sources */ = {isa = PBXBuildFile; fileRef = FEAE771623F2D864004E8096 /* FBServices.swift */; };
		FEAE771923F2D8A4004E8096 /* User.swift in Sources */ = {isa = PBXBuildFile; fileRef = FEAE771823F2D8A4004E8096 /* User.swift */; };
		FEAE771B23F2E3B8004E8096 /* UIViewControllerExtension.swift in Sources */ = {isa = PBXBuildFile; fileRef = FEAE771A23F2E3B8004E8096 /* UIViewControllerExtension.swift */; };
		FEAE771D23F2EEAD004E8096 /* FBErrors.swift in Sources */ = {isa = PBXBuildFile; fileRef = FEAE771C23F2EEAD004E8096 /* FBErrors.swift */; };
		FEAE771F23F2FB04004E8096 /* MessageListVC.swift in Sources */ = {isa = PBXBuildFile; fileRef = FEAE771E23F2FB04004E8096 /* MessageListVC.swift */; };
		FEF9977623E92012004F9C0F /* AppDelegate.swift in Sources */ = {isa = PBXBuildFile; fileRef = FEF9977523E92012004F9C0F /* AppDelegate.swift */; };
		FEF9977823E92012004F9C0F /* SceneDelegate.swift in Sources */ = {isa = PBXBuildFile; fileRef = FEF9977723E92012004F9C0F /* SceneDelegate.swift */; };
		FEF9977A23E92012004F9C0F /* LoginVC.swift in Sources */ = {isa = PBXBuildFile; fileRef = FEF9977923E92012004F9C0F /* LoginVC.swift */; };
		FEF9977F23E92013004F9C0F /* Assets.xcassets in Resources */ = {isa = PBXBuildFile; fileRef = FEF9977E23E92013004F9C0F /* Assets.xcassets */; };
		FEF9978223E92013004F9C0F /* LaunchScreen.storyboard in Resources */ = {isa = PBXBuildFile; fileRef = FEF9978023E92013004F9C0F /* LaunchScreen.storyboard */; };
		FEF9978A23E99717004F9C0F /* GoogleService-Info.plist in Resources */ = {isa = PBXBuildFile; fileRef = FEF9978923E99717004F9C0F /* GoogleService-Info.plist */; };
		FEF9978B23E997A3004F9C0F /* Pods_Firebase_Messenger.framework in Frameworks */ = {isa = PBXBuildFile; fileRef = 9E7510866D3EC844155E04F6 /* Pods_Firebase_Messenger.framework */; };
/* End PBXBuildFile section */

/* Begin PBXFileReference section */
		101219498162156014E490C0 /* Pods-Firebase Messenger.debug.xcconfig */ = {isa = PBXFileReference; includeInIndex = 1; lastKnownFileType = text.xcconfig; name = "Pods-Firebase Messenger.debug.xcconfig"; path = "Target Support Files/Pods-Firebase Messenger/Pods-Firebase Messenger.debug.xcconfig"; sourceTree = "<group>"; };
		874F27311C97B82188B5460A /* Pods-Firebase Messenger.release.xcconfig */ = {isa = PBXFileReference; includeInIndex = 1; lastKnownFileType = text.xcconfig; name = "Pods-Firebase Messenger.release.xcconfig"; path = "Target Support Files/Pods-Firebase Messenger/Pods-Firebase Messenger.release.xcconfig"; sourceTree = "<group>"; };
		9E7510866D3EC844155E04F6 /* Pods_Firebase_Messenger.framework */ = {isa = PBXFileReference; explicitFileType = wrapper.framework; includeInIndex = 0; path = Pods_Firebase_Messenger.framework; sourceTree = BUILT_PRODUCTS_DIR; };
		FEAE771023F24996004E8096 /* UIViewExtension.swift */ = {isa = PBXFileReference; lastKnownFileType = sourcecode.swift; path = UIViewExtension.swift; sourceTree = "<group>"; };
		FEAE771223F24D89004E8096 /* CALayerExtension.swift */ = {isa = PBXFileReference; lastKnownFileType = sourcecode.swift; path = CALayerExtension.swift; sourceTree = "<group>"; };
		FEAE771423F24FF2004E8096 /* TextField.swift */ = {isa = PBXFileReference; lastKnownFileType = sourcecode.swift; path = TextField.swift; sourceTree = "<group>"; };
		FEAE771623F2D864004E8096 /* FBServices.swift */ = {isa = PBXFileReference; lastKnownFileType = sourcecode.swift; path = FBServices.swift; sourceTree = "<group>"; };
		FEAE771823F2D8A4004E8096 /* User.swift */ = {isa = PBXFileReference; lastKnownFileType = sourcecode.swift; path = User.swift; sourceTree = "<group>"; };
		FEAE771A23F2E3B8004E8096 /* UIViewControllerExtension.swift */ = {isa = PBXFileReference; lastKnownFileType = sourcecode.swift; path = UIViewControllerExtension.swift; sourceTree = "<group>"; };
		FEAE771C23F2EEAD004E8096 /* FBErrors.swift */ = {isa = PBXFileReference; lastKnownFileType = sourcecode.swift; path = FBErrors.swift; sourceTree = "<group>"; };
		FEAE771E23F2FB04004E8096 /* MessageListVC.swift */ = {isa = PBXFileReference; lastKnownFileType = sourcecode.swift; path = MessageListVC.swift; sourceTree = "<group>"; };
		FEF9977223E92012004F9C0F /* Firebase Messenger.app */ = {isa = PBXFileReference; explicitFileType = wrapper.application; includeInIndex = 0; path = "Firebase Messenger.app"; sourceTree = BUILT_PRODUCTS_DIR; };
		FEF9977523E92012004F9C0F /* AppDelegate.swift */ = {isa = PBXFileReference; lastKnownFileType = sourcecode.swift; path = AppDelegate.swift; sourceTree = "<group>"; };
		FEF9977723E92012004F9C0F /* SceneDelegate.swift */ = {isa = PBXFileReference; lastKnownFileType = sourcecode.swift; path = SceneDelegate.swift; sourceTree = "<group>"; };
		FEF9977923E92012004F9C0F /* LoginVC.swift */ = {isa = PBXFileReference; lastKnownFileType = sourcecode.swift; path = LoginVC.swift; sourceTree = "<group>"; };
		FEF9977E23E92013004F9C0F /* Assets.xcassets */ = {isa = PBXFileReference; lastKnownFileType = folder.assetcatalog; path = Assets.xcassets; sourceTree = "<group>"; };
		FEF9978123E92013004F9C0F /* Base */ = {isa = PBXFileReference; lastKnownFileType = file.storyboard; name = Base; path = Base.lproj/LaunchScreen.storyboard; sourceTree = "<group>"; };
		FEF9978323E92013004F9C0F /* Info.plist */ = {isa = PBXFileReference; lastKnownFileType = text.plist.xml; path = Info.plist; sourceTree = "<group>"; };
		FEF9978923E99717004F9C0F /* GoogleService-Info.plist */ = {isa = PBXFileReference; fileEncoding = 4; lastKnownFileType = text.plist.xml; path = "GoogleService-Info.plist"; sourceTree = "<group>"; };
/* End PBXFileReference section */

/* Begin PBXFrameworksBuildPhase section */
		FEF9976F23E92012004F9C0F /* Frameworks */ = {
			isa = PBXFrameworksBuildPhase;
			buildActionMask = 2147483647;
			files = (
				FEF9978B23E997A3004F9C0F /* Pods_Firebase_Messenger.framework in Frameworks */,
			);
			runOnlyForDeploymentPostprocessing = 0;
		};
/* End PBXFrameworksBuildPhase section */

/* Begin PBXGroup section */
		796CF5474192DDB4AE267018 /* Frameworks */ = {
			isa = PBXGroup;
			children = (
				9E7510866D3EC844155E04F6 /* Pods_Firebase_Messenger.framework */,
			);
			name = Frameworks;
			sourceTree = "<group>";
		};
		E28154540A4708328FC8A275 /* Pods */ = {
			isa = PBXGroup;
			children = (
				101219498162156014E490C0 /* Pods-Firebase Messenger.debug.xcconfig */,
				874F27311C97B82188B5460A /* Pods-Firebase Messenger.release.xcconfig */,
			);
			path = Pods;
			sourceTree = "<group>";
		};
		FEAE770C23F2463D004E8096 /* Controller */ = {
			isa = PBXGroup;
			children = (
				FEF9977923E92012004F9C0F /* LoginVC.swift */,
				FEAE771E23F2FB04004E8096 /* MessageListVC.swift */,
			);
			path = Controller;
			sourceTree = "<group>";
		};
		FEAE770D23F24649004E8096 /* View */ = {
			isa = PBXGroup;
			children = (
				FEAE771423F24FF2004E8096 /* TextField.swift */,
			);
			path = View;
			sourceTree = "<group>";
		};
		FEAE770E23F24652004E8096 /* Model */ = {
			isa = PBXGroup;
			children = (
				FEAE771623F2D864004E8096 /* FBServices.swift */,
				FEAE771823F2D8A4004E8096 /* User.swift */,
				FEAE771C23F2EEAD004E8096 /* FBErrors.swift */,
			);
			path = Model;
			sourceTree = "<group>";
		};
		FEAE770F23F24981004E8096 /* Extensions */ = {
			isa = PBXGroup;
			children = (
				FEAE771023F24996004E8096 /* UIViewExtension.swift */,
				FEAE771223F24D89004E8096 /* CALayerExtension.swift */,
				FEAE771A23F2E3B8004E8096 /* UIViewControllerExtension.swift */,
			);
			path = Extensions;
			sourceTree = "<group>";
		};
		FEF9976923E92012004F9C0F = {
			isa = PBXGroup;
			children = (
				FEF9977423E92012004F9C0F /* Firebase Messenger */,
				FEF9977323E92012004F9C0F /* Products */,
				E28154540A4708328FC8A275 /* Pods */,
				796CF5474192DDB4AE267018 /* Frameworks */,
			);
			sourceTree = "<group>";
		};
		FEF9977323E92012004F9C0F /* Products */ = {
			isa = PBXGroup;
			children = (
				FEF9977223E92012004F9C0F /* Firebase Messenger.app */,
			);
			name = Products;
			sourceTree = "<group>";
		};
		FEF9977423E92012004F9C0F /* Firebase Messenger */ = {
			isa = PBXGroup;
			children = (
				FEAE770F23F24981004E8096 /* Extensions */,
				FEAE770E23F24652004E8096 /* Model */,
				FEAE770D23F24649004E8096 /* View */,
				FEAE770C23F2463D004E8096 /* Controller */,
				FEF9977523E92012004F9C0F /* AppDelegate.swift */,
				FEF9977723E92012004F9C0F /* SceneDelegate.swift */,
				FEF9977E23E92013004F9C0F /* Assets.xcassets */,
				FEF9978023E92013004F9C0F /* LaunchScreen.storyboard */,
				FEF9978323E92013004F9C0F /* Info.plist */,
				FEF9978923E99717004F9C0F /* GoogleService-Info.plist */,
			);
			path = "Firebase Messenger";
			sourceTree = "<group>";
		};
/* End PBXGroup section */

/* Begin PBXNativeTarget section */
		FEF9977123E92012004F9C0F /* Firebase Messenger */ = {
			isa = PBXNativeTarget;
			buildConfigurationList = FEF9978623E92013004F9C0F /* Build configuration list for PBXNativeTarget "Firebase Messenger" */;
			buildPhases = (
				92406659562BA4CE1B92BDD8 /* [CP] Check Pods Manifest.lock */,
				FEF9976E23E92012004F9C0F /* Sources */,
				FEF9976F23E92012004F9C0F /* Frameworks */,
				FEF9977023E92012004F9C0F /* Resources */,
				1AA9D93182A42A778C4A2421 /* [CP] Embed Pods Frameworks */,
			);
			buildRules = (
			);
			dependencies = (
			);
			name = "Firebase Messenger";
			productName = "Firebase Messenger";
			productReference = FEF9977223E92012004F9C0F /* Firebase Messenger.app */;
			productType = "com.apple.product-type.application";
		};
/* End PBXNativeTarget section */

/* Begin PBXProject section */
		FEF9976A23E92012004F9C0F /* Project object */ = {
			isa = PBXProject;
			attributes = {
				LastSwiftUpdateCheck = 1130;
				LastUpgradeCheck = 1130;
				ORGANIZATIONNAME = "Black Rose Productions";
				TargetAttributes = {
					FEF9977123E92012004F9C0F = {
						CreatedOnToolsVersion = 11.3.1;
					};
				};
			};
			buildConfigurationList = FEF9976D23E92012004F9C0F /* Build configuration list for PBXProject "Firebase Messenger" */;
			compatibilityVersion = "Xcode 9.3";
			developmentRegion = en;
			hasScannedForEncodings = 0;
			knownRegions = (
				en,
				Base,
			);
			mainGroup = FEF9976923E92012004F9C0F;
			productRefGroup = FEF9977323E92012004F9C0F /* Products */;
			projectDirPath = "";
			projectRoot = "";
			targets = (
				FEF9977123E92012004F9C0F /* Firebase Messenger */,
			);
		};
/* End PBXProject section */

/* Begin PBXResourcesBuildPhase section */
		FEF9977023E92012004F9C0F /* Resources */ = {
			isa = PBXResourcesBuildPhase;
			buildActionMask = 2147483647;
			files = (
				FEF9978223E92013004F9C0F /* LaunchScreen.storyboard in Resources */,
				FEF9978A23E99717004F9C0F /* GoogleService-Info.plist in Resources */,
				FEF9977F23E92013004F9C0F /* Assets.xcassets in Resources */,
			);
			runOnlyForDeploymentPostprocessing = 0;
		};
/* End PBXResourcesBuildPhase section */

/* Begin PBXShellScriptBuildPhase section */
		1AA9D93182A42A778C4A2421 /* [CP] Embed Pods Frameworks */ = {
			isa = PBXShellScriptBuildPhase;
			buildActionMask = 2147483647;
			files = (
			);
			inputFileListPaths = (
				"${PODS_ROOT}/Target Support Files/Pods-Firebase Messenger/Pods-Firebase Messenger-frameworks-${CONFIGURATION}-input-files.xcfilelist",
			);
			name = "[CP] Embed Pods Frameworks";
			outputFileListPaths = (
				"${PODS_ROOT}/Target Support Files/Pods-Firebase Messenger/Pods-Firebase Messenger-frameworks-${CONFIGURATION}-output-files.xcfilelist",
			);
			runOnlyForDeploymentPostprocessing = 0;
			shellPath = /bin/sh;
			shellScript = "\"${PODS_ROOT}/Target Support Files/Pods-Firebase Messenger/Pods-Firebase Messenger-frameworks.sh\"\n";
			showEnvVarsInLog = 0;
		};
		92406659562BA4CE1B92BDD8 /* [CP] Check Pods Manifest.lock */ = {
			isa = PBXShellScriptBuildPhase;
			buildActionMask = 2147483647;
			files = (
			);
			inputFileListPaths = (
			);
			inputPaths = (
				"${PODS_PODFILE_DIR_PATH}/Podfile.lock",
				"${PODS_ROOT}/Manifest.lock",
			);
			name = "[CP] Check Pods Manifest.lock";
			outputFileListPaths = (
			);
			outputPaths = (
				"$(DERIVED_FILE_DIR)/Pods-Firebase Messenger-checkManifestLockResult.txt",
			);
			runOnlyForDeploymentPostprocessing = 0;
			shellPath = /bin/sh;
			shellScript = "diff \"${PODS_PODFILE_DIR_PATH}/Podfile.lock\" \"${PODS_ROOT}/Manifest.lock\" > /dev/null\nif [ $? != 0 ] ; then\n    # print error to STDERR\n    echo \"error: The sandbox is not in sync with the Podfile.lock. Run 'pod install' or update your CocoaPods installation.\" >&2\n    exit 1\nfi\n# This output is used by Xcode 'outputs' to avoid re-running this script phase.\necho \"SUCCESS\" > \"${SCRIPT_OUTPUT_FILE_0}\"\n";
			showEnvVarsInLog = 0;
		};
/* End PBXShellScriptBuildPhase section */

/* Begin PBXSourcesBuildPhase section */
		FEF9976E23E92012004F9C0F /* Sources */ = {
			isa = PBXSourcesBuildPhase;
			buildActionMask = 2147483647;
			files = (
				FEAE771D23F2EEAD004E8096 /* FBErrors.swift in Sources */,
				FEAE771323F24D89004E8096 /* CALayerExtension.swift in Sources */,
				FEF9977A23E92012004F9C0F /* LoginVC.swift in Sources */,
				FEAE771B23F2E3B8004E8096 /* UIViewControllerExtension.swift in Sources */,
				FEAE771F23F2FB04004E8096 /* MessageListVC.swift in Sources */,
				FEF9977623E92012004F9C0F /* AppDelegate.swift in Sources */,
				FEAE771523F24FF2004E8096 /* TextField.swift in Sources */,
				FEAE771923F2D8A4004E8096 /* User.swift in Sources */,
				FEAE771123F24996004E8096 /* UIViewExtension.swift in Sources */,
				FEAE771723F2D864004E8096 /* FBServices.swift in Sources */,
				FEF9977823E92012004F9C0F /* SceneDelegate.swift in Sources */,
			);
			runOnlyForDeploymentPostprocessing = 0;
		};
/* End PBXSourcesBuildPhase section */

/* Begin PBXVariantGroup section */
		FEF9978023E92013004F9C0F /* LaunchScreen.storyboard */ = {
			isa = PBXVariantGroup;
			children = (
				FEF9978123E92013004F9C0F /* Base */,
			);
			name = LaunchScreen.storyboard;
			sourceTree = "<group>";
		};
/* End PBXVariantGroup section */

/* Begin XCBuildConfiguration section */
		FEF9978423E92013004F9C0F /* Debug */ = {
			isa = XCBuildConfiguration;
			buildSettings = {
				ALWAYS_SEARCH_USER_PATHS = NO;
				CLANG_ANALYZER_NONNULL = YES;
				CLANG_ANALYZER_NUMBER_OBJECT_CONVERSION = YES_AGGRESSIVE;
				CLANG_CXX_LANGUAGE_STANDARD = "gnu++14";
				CLANG_CXX_LIBRARY = "libc++";
				CLANG_ENABLE_MODULES = YES;
				CLANG_ENABLE_OBJC_ARC = YES;
				CLANG_ENABLE_OBJC_WEAK = YES;
				CLANG_WARN_BLOCK_CAPTURE_AUTORELEASING = YES;
				CLANG_WARN_BOOL_CONVERSION = YES;
				CLANG_WARN_COMMA = YES;
				CLANG_WARN_CONSTANT_CONVERSION = YES;
				CLANG_WARN_DEPRECATED_OBJC_IMPLEMENTATIONS = YES;
				CLANG_WARN_DIRECT_OBJC_ISA_USAGE = YES_ERROR;
				CLANG_WARN_DOCUMENTATION_COMMENTS = YES;
				CLANG_WARN_EMPTY_BODY = YES;
				CLANG_WARN_ENUM_CONVERSION = YES;
				CLANG_WARN_INFINITE_RECURSION = YES;
				CLANG_WARN_INT_CONVERSION = YES;
				CLANG_WARN_NON_LITERAL_NULL_CONVERSION = YES;
				CLANG_WARN_OBJC_IMPLICIT_RETAIN_SELF = YES;
				CLANG_WARN_OBJC_LITERAL_CONVERSION = YES;
				CLANG_WARN_OBJC_ROOT_CLASS = YES_ERROR;
				CLANG_WARN_RANGE_LOOP_ANALYSIS = YES;
				CLANG_WARN_STRICT_PROTOTYPES = YES;
				CLANG_WARN_SUSPICIOUS_MOVE = YES;
				CLANG_WARN_UNGUARDED_AVAILABILITY = YES_AGGRESSIVE;
				CLANG_WARN_UNREACHABLE_CODE = YES;
				CLANG_WARN__DUPLICATE_METHOD_MATCH = YES;
				COPY_PHASE_STRIP = NO;
				DEBUG_INFORMATION_FORMAT = dwarf;
				ENABLE_STRICT_OBJC_MSGSEND = YES;
				ENABLE_TESTABILITY = YES;
				GCC_C_LANGUAGE_STANDARD = gnu11;
				GCC_DYNAMIC_NO_PIC = NO;
				GCC_NO_COMMON_BLOCKS = YES;
				GCC_OPTIMIZATION_LEVEL = 0;
				GCC_PREPROCESSOR_DEFINITIONS = (
					"DEBUG=1",
					"$(inherited)",
				);
				GCC_WARN_64_TO_32_BIT_CONVERSION = YES;
				GCC_WARN_ABOUT_RETURN_TYPE = YES_ERROR;
				GCC_WARN_UNDECLARED_SELECTOR = YES;
				GCC_WARN_UNINITIALIZED_AUTOS = YES_AGGRESSIVE;
				GCC_WARN_UNUSED_FUNCTION = YES;
				GCC_WARN_UNUSED_VARIABLE = YES;
				IPHONEOS_DEPLOYMENT_TARGET = 13.2;
				MTL_ENABLE_DEBUG_INFO = INCLUDE_SOURCE;
				MTL_FAST_MATH = YES;
				ONLY_ACTIVE_ARCH = YES;
				SDKROOT = iphoneos;
				SWIFT_ACTIVE_COMPILATION_CONDITIONS = DEBUG;
				SWIFT_OPTIMIZATION_LEVEL = "-Onone";
			};
			name = Debug;
		};
		FEF9978523E92013004F9C0F /* Release */ = {
			isa = XCBuildConfiguration;
			buildSettings = {
				ALWAYS_SEARCH_USER_PATHS = NO;
				CLANG_ANALYZER_NONNULL = YES;
				CLANG_ANALYZER_NUMBER_OBJECT_CONVERSION = YES_AGGRESSIVE;
				CLANG_CXX_LANGUAGE_STANDARD = "gnu++14";
				CLANG_CXX_LIBRARY = "libc++";
				CLANG_ENABLE_MODULES = YES;
				CLANG_ENABLE_OBJC_ARC = YES;
				CLANG_ENABLE_OBJC_WEAK = YES;
				CLANG_WARN_BLOCK_CAPTURE_AUTORELEASING = YES;
				CLANG_WARN_BOOL_CONVERSION = YES;
				CLANG_WARN_COMMA = YES;
				CLANG_WARN_CONSTANT_CONVERSION = YES;
				CLANG_WARN_DEPRECATED_OBJC_IMPLEMENTATIONS = YES;
				CLANG_WARN_DIRECT_OBJC_ISA_USAGE = YES_ERROR;
				CLANG_WARN_DOCUMENTATION_COMMENTS = YES;
				CLANG_WARN_EMPTY_BODY = YES;
				CLANG_WARN_ENUM_CONVERSION = YES;
				CLANG_WARN_INFINITE_RECURSION = YES;
				CLANG_WARN_INT_CONVERSION = YES;
				CLANG_WARN_NON_LITERAL_NULL_CONVERSION = YES;
				CLANG_WARN_OBJC_IMPLICIT_RETAIN_SELF = YES;
				CLANG_WARN_OBJC_LITERAL_CONVERSION = YES;
				CLANG_WARN_OBJC_ROOT_CLASS = YES_ERROR;
				CLANG_WARN_RANGE_LOOP_ANALYSIS = YES;
				CLANG_WARN_STRICT_PROTOTYPES = YES;
				CLANG_WARN_SUSPICIOUS_MOVE = YES;
				CLANG_WARN_UNGUARDED_AVAILABILITY = YES_AGGRESSIVE;
				CLANG_WARN_UNREACHABLE_CODE = YES;
				CLANG_WARN__DUPLICATE_METHOD_MATCH = YES;
				COPY_PHASE_STRIP = NO;
				DEBUG_INFORMATION_FORMAT = "dwarf-with-dsym";
				ENABLE_NS_ASSERTIONS = NO;
				ENABLE_STRICT_OBJC_MSGSEND = YES;
				GCC_C_LANGUAGE_STANDARD = gnu11;
				GCC_NO_COMMON_BLOCKS = YES;
				GCC_WARN_64_TO_32_BIT_CONVERSION = YES;
				GCC_WARN_ABOUT_RETURN_TYPE = YES_ERROR;
				GCC_WARN_UNDECLARED_SELECTOR = YES;
				GCC_WARN_UNINITIALIZED_AUTOS = YES_AGGRESSIVE;
				GCC_WARN_UNUSED_FUNCTION = YES;
				GCC_WARN_UNUSED_VARIABLE = YES;
				IPHONEOS_DEPLOYMENT_TARGET = 13.2;
				MTL_ENABLE_DEBUG_INFO = NO;
				MTL_FAST_MATH = YES;
				SDKROOT = iphoneos;
				SWIFT_COMPILATION_MODE = wholemodule;
				SWIFT_OPTIMIZATION_LEVEL = "-O";
				VALIDATE_PRODUCT = YES;
			};
			name = Release;
		};
		FEF9978723E92013004F9C0F /* Debug */ = {
			isa = XCBuildConfiguration;
			baseConfigurationReference = 101219498162156014E490C0 /* Pods-Firebase Messenger.debug.xcconfig */;
			buildSettings = {
				ASSETCATALOG_COMPILER_APPICON_NAME = AppIcon;
				CODE_SIGN_STYLE = Automatic;
				DEVELOPMENT_TEAM = MF7UZR73AE;
				INFOPLIST_FILE = "Firebase Messenger/Info.plist";
				LD_RUNPATH_SEARCH_PATHS = (
					"$(inherited)",
					"@executable_path/Frameworks",
				);
				PRODUCT_BUNDLE_IDENTIFIER = "com.BRP.Firebase-Messenger";
				PRODUCT_NAME = "$(TARGET_NAME)";
				SWIFT_VERSION = 5.0;
				TARGETED_DEVICE_FAMILY = "1,2";
			};
			name = Debug;
		};
		FEF9978823E92013004F9C0F /* Release */ = {
			isa = XCBuildConfiguration;
			baseConfigurationReference = 874F27311C97B82188B5460A /* Pods-Firebase Messenger.release.xcconfig */;
			buildSettings = {
				ASSETCATALOG_COMPILER_APPICON_NAME = AppIcon;
				CODE_SIGN_STYLE = Automatic;
				DEVELOPMENT_TEAM = MF7UZR73AE;
				INFOPLIST_FILE = "Firebase Messenger/Info.plist";
				LD_RUNPATH_SEARCH_PATHS = (
					"$(inherited)",
					"@executable_path/Frameworks",
				);
				PRODUCT_BUNDLE_IDENTIFIER = "com.BRP.Firebase-Messenger";
				PRODUCT_NAME = "$(TARGET_NAME)";
				SWIFT_VERSION = 5.0;
				TARGETED_DEVICE_FAMILY = "1,2";
			};
			name = Release;
		};
/* End XCBuildConfiguration section */

/* Begin XCConfigurationList section */
		FEF9976D23E92012004F9C0F /* Build configuration list for PBXProject "Firebase Messenger" */ = {
			isa = XCConfigurationList;
			buildConfigurations = (
				FEF9978423E92013004F9C0F /* Debug */,
				FEF9978523E92013004F9C0F /* Release */,
			);
			defaultConfigurationIsVisible = 0;
			defaultConfigurationName = Release;
		};
		FEF9978623E92013004F9C0F /* Build configuration list for PBXNativeTarget "Firebase Messenger" */ = {
			isa = XCConfigurationList;
			buildConfigurations = (
				FEF9978723E92013004F9C0F /* Debug */,
				FEF9978823E92013004F9C0F /* Release */,
			);
			defaultConfigurationIsVisible = 0;
			defaultConfigurationName = Release;
		};
/* End XCConfigurationList section */
	};
	rootObject = FEF9976A23E92012004F9C0F /* Project object */;
}
